
Microsoft Visual Studio Solution File, Format Version 12.00
# Visual Studio Version 17
VisualStudioVersion = 17.7.34031.279
MinimumVisualStudioVersion = 10.0.40219.1
Project("{FAE04EC0-301F-11D3-BF4B-00C04F79EFBC}") = "Sieve of Eratosthenes", "Sieve of Eratosthenes.csproj", "{1EBA532D-9082-4DC0-A8F0-1DF378A5D9A1}"
EndProject
Global
	GlobalSection(SolutionConfigurationPlatforms) = preSolution
		Debug|Any CPU = Debug|Any CPU
		Release|Any CPU = Release|Any CPU
	EndGlobalSection
	GlobalSection(ProjectConfigurationPlatforms) = postSolution
		{1EBA532D-9082-4DC0-A8F0-1DF378A5D9A1}.Debug|Any CPU.ActiveCfg = Debug|Any CPU
		{1EBA532D-9082-4DC0-A8F0-1DF378A5D9A1}.Debug|Any CPU.Build.0 = Debug|Any CPU
		{1EBA532D-9082-4DC0-A8F0-1DF378A5D9A1}.Release|Any CPU.ActiveCfg = Release|Any CPU
		{1EBA532D-9082-4DC0-A8F0-1DF378A5D9A1}.Release|Any CPU.Build.0 = Release|Any CPU
	EndGlobalSection
	GlobalSection(SolutionProperties) = preSolution
		HideSolutionNode = FALSE
	EndGlobalSection
	GlobalSection(ExtensibilityGlobals) = postSolution
		SolutionGuid = {A454C2F7-22F8-464D-A0B0-43D86CCB2235}
	EndGlobalSection
EndGlobal
